
Microsoft Visual Studio Solution File, Format Version 12.00
# Visual Studio Version 16
VisualStudioVersion = 16.0.29306.81
MinimumVisualStudioVersion = 10.0.40219.1
Project("{FAE04EC0-301F-11D3-BF4B-00C04F79EFBC}") = "Test", "Test\Test.csproj", "{861D28A8-B601-47E5-B289-7F8D3D1C8DC8}"
EndProject
Project("{FAE04EC0-301F-11D3-BF4B-00C04F79EFBC}") = "TrabajoEnsamblador", "TrabajoEnsamblador\TrabajoEnsamblador.csproj", "{4D7965C1-B2B8-424F-9C8F-94F65B4D9A75}"
EndProject
Global
	GlobalSection(SolutionConfigurationPlatforms) = preSolution
		Debug|Any CPU = Debug|Any CPU
		Release|Any CPU = Release|Any CPU
	EndGlobalSection
	GlobalSection(ProjectConfigurationPlatforms) = postSolution
		{861D28A8-B601-47E5-B289-7F8D3D1C8DC8}.Debug|Any CPU.ActiveCfg = Debug|Any CPU
		{861D28A8-B601-47E5-B289-7F8D3D1C8DC8}.Debug|Any CPU.Build.0 = Debug|Any CPU
		{861D28A8-B601-47E5-B289-7F8D3D1C8DC8}.Release|Any CPU.ActiveCfg = Release|Any CPU
		{861D28A8-B601-47E5-B289-7F8D3D1C8DC8}.Release|Any CPU.Build.0 = Release|Any CPU
		{4D7965C1-B2B8-424F-9C8F-94F65B4D9A75}.Debug|Any CPU.ActiveCfg = Debug|Any CPU
		{4D7965C1-B2B8-424F-9C8F-94F65B4D9A75}.Debug|Any CPU.Build.0 = Debug|Any CPU
		{4D7965C1-B2B8-424F-9C8F-94F65B4D9A75}.Release|Any CPU.ActiveCfg = Release|Any CPU
		{4D7965C1-B2B8-424F-9C8F-94F65B4D9A75}.Release|Any CPU.Build.0 = Release|Any CPU
	EndGlobalSection
	GlobalSection(SolutionProperties) = preSolution
		HideSolutionNode = FALSE
	EndGlobalSection
	GlobalSection(ExtensibilityGlobals) = postSolution
		SolutionGuid = {4EE1E6C0-07A0-45A9-A36F-E82ECF726B55}
	EndGlobalSection
EndGlobal
