
Microsoft Visual Studio Solution File, Format Version 12.00
# Visual Studio Version 16
VisualStudioVersion = 16.0.29306.81
MinimumVisualStudioVersion = 10.0.40219.1
Project("{FAE04EC0-301F-11D3-BF4B-00C04F79EFBC}") = "LINQXML", "LINQXML\LINQXML.csproj", "{A9B4C349-5130-454D-9B76-F0BD36D99B5C}"
EndProject
Global
	GlobalSection(SolutionConfigurationPlatforms) = preSolution
		Debug|Any CPU = Debug|Any CPU
		Release|Any CPU = Release|Any CPU
	EndGlobalSection
	GlobalSection(ProjectConfigurationPlatforms) = postSolution
		{A9B4C349-5130-454D-9B76-F0BD36D99B5C}.Debug|Any CPU.ActiveCfg = Debug|Any CPU
		{A9B4C349-5130-454D-9B76-F0BD36D99B5C}.Debug|Any CPU.Build.0 = Debug|Any CPU
		{A9B4C349-5130-454D-9B76-F0BD36D99B5C}.Release|Any CPU.ActiveCfg = Release|Any CPU
		{A9B4C349-5130-454D-9B76-F0BD36D99B5C}.Release|Any CPU.Build.0 = Release|Any CPU
	EndGlobalSection
	GlobalSection(SolutionProperties) = preSolution
		HideSolutionNode = FALSE
	EndGlobalSection
	GlobalSection(ExtensibilityGlobals) = postSolution
		SolutionGuid = {C325115C-363A-431B-A6A8-68A59794D14E}
	EndGlobalSection
EndGlobal
