
Microsoft Visual Studio Solution File, Format Version 12.00
# Visual Studio Version 16
VisualStudioVersion = 16.0.29306.81
MinimumVisualStudioVersion = 10.0.40219.1
Project("{FAE04EC0-301F-11D3-BF4B-00C04F79EFBC}") = "Lenguaje", "ConsoleApp1\Lenguaje.csproj", "{EC2B9522-9A8B-49D0-9C2E-D316D6ACC62B}"
EndProject
Global
	GlobalSection(SolutionConfigurationPlatforms) = preSolution
		Debug|Any CPU = Debug|Any CPU
		Release|Any CPU = Release|Any CPU
	EndGlobalSection
	GlobalSection(ProjectConfigurationPlatforms) = postSolution
		{EC2B9522-9A8B-49D0-9C2E-D316D6ACC62B}.Debug|Any CPU.ActiveCfg = Debug|Any CPU
		{EC2B9522-9A8B-49D0-9C2E-D316D6ACC62B}.Debug|Any CPU.Build.0 = Debug|Any CPU
		{EC2B9522-9A8B-49D0-9C2E-D316D6ACC62B}.Release|Any CPU.ActiveCfg = Release|Any CPU
		{EC2B9522-9A8B-49D0-9C2E-D316D6ACC62B}.Release|Any CPU.Build.0 = Release|Any CPU
	EndGlobalSection
	GlobalSection(SolutionProperties) = preSolution
		HideSolutionNode = FALSE
	EndGlobalSection
	GlobalSection(ExtensibilityGlobals) = postSolution
		SolutionGuid = {58EDF892-56C1-447C-9172-5BCC496E6693}
	EndGlobalSection
EndGlobal
