
Microsoft Visual Studio Solution File, Format Version 12.00
# Visual Studio Version 16
VisualStudioVersion = 16.0.29306.81
MinimumVisualStudioVersion = 10.0.40219.1
Project("{FAE04EC0-301F-11D3-BF4B-00C04F79EFBC}") = "Tareas", "Tareas\Tareas.csproj", "{2CAE9C28-F6F3-4C94-BB32-998D2829D955}"
EndProject
Project("{FAE04EC0-301F-11D3-BF4B-00C04F79EFBC}") = "APM", "APM\APM.csproj", "{30744E8E-534C-4A0D-96DC-E256DAF5D2EF}"
EndProject
Global
	GlobalSection(SolutionConfigurationPlatforms) = preSolution
		Debug|Any CPU = Debug|Any CPU
		Release|Any CPU = Release|Any CPU
	EndGlobalSection
	GlobalSection(ProjectConfigurationPlatforms) = postSolution
		{2CAE9C28-F6F3-4C94-BB32-998D2829D955}.Debug|Any CPU.ActiveCfg = Debug|Any CPU
		{2CAE9C28-F6F3-4C94-BB32-998D2829D955}.Debug|Any CPU.Build.0 = Debug|Any CPU
		{2CAE9C28-F6F3-4C94-BB32-998D2829D955}.Release|Any CPU.ActiveCfg = Release|Any CPU
		{2CAE9C28-F6F3-4C94-BB32-998D2829D955}.Release|Any CPU.Build.0 = Release|Any CPU
		{30744E8E-534C-4A0D-96DC-E256DAF5D2EF}.Debug|Any CPU.ActiveCfg = Debug|Any CPU
		{30744E8E-534C-4A0D-96DC-E256DAF5D2EF}.Debug|Any CPU.Build.0 = Debug|Any CPU
		{30744E8E-534C-4A0D-96DC-E256DAF5D2EF}.Release|Any CPU.ActiveCfg = Release|Any CPU
		{30744E8E-534C-4A0D-96DC-E256DAF5D2EF}.Release|Any CPU.Build.0 = Release|Any CPU
	EndGlobalSection
	GlobalSection(SolutionProperties) = preSolution
		HideSolutionNode = FALSE
	EndGlobalSection
	GlobalSection(ExtensibilityGlobals) = postSolution
		SolutionGuid = {CD5CD602-9984-4E63-BDDC-EAD51CCC45BF}
	EndGlobalSection
EndGlobal
